// !$*UTF8*$!
{
	archiveVersion = 1;
	classes = {
	};
	objectVersion = 56;
	objects = {

/* Begin PBXBuildFile section */
		4487E1A82ABAD63A009386C2 /* SplashScreenView.swift in Sources */ = {isa = PBXBuildFile; fileRef = 4487E1A72ABAD63A009386C2 /* SplashScreenView.swift */; };
		954557882AAF0C32003F1C7E /* BookDiscoveryApp.swift in Sources */ = {isa = PBXBuildFile; fileRef = 954557872AAF0C32003F1C7E /* BookDiscoveryApp.swift */; };
		9545578A2AAF0C32003F1C7E /* ContentView.swift in Sources */ = {isa = PBXBuildFile; fileRef = 954557892AAF0C32003F1C7E /* ContentView.swift */; };
		9545578F2AAF0C34003F1C7E /* Preview Assets.xcassets in Resources */ = {isa = PBXBuildFile; fileRef = 9545578E2AAF0C34003F1C7E /* Preview Assets.xcassets */; };
		954557982AAF186D003F1C7E /* GoogleService-Info.plist in Resources */ = {isa = PBXBuildFile; fileRef = 954557972AAF186D003F1C7E /* GoogleService-Info.plist */; };
		A2FAC9D02AAF0DB900779CAA /* FirebaseAuth in Frameworks */ = {isa = PBXBuildFile; productRef = A2FAC9CF2AAF0DB900779CAA /* FirebaseAuth */; };
		A2FAC9D22AAF0DB900779CAA /* FirebaseAuthCombine-Community in Frameworks */ = {isa = PBXBuildFile; productRef = A2FAC9D12AAF0DB900779CAA /* FirebaseAuthCombine-Community */; };
		A2FAC9D42AAF0DB900779CAA /* FirebaseDatabase in Frameworks */ = {isa = PBXBuildFile; productRef = A2FAC9D32AAF0DB900779CAA /* FirebaseDatabase */; };
		A2FAC9D62AAF0DB900779CAA /* FirebaseDatabaseSwift in Frameworks */ = {isa = PBXBuildFile; productRef = A2FAC9D52AAF0DB900779CAA /* FirebaseDatabaseSwift */; };
		A2FAC9D82AAF0DB900779CAA /* FirebaseFirestore in Frameworks */ = {isa = PBXBuildFile; productRef = A2FAC9D72AAF0DB900779CAA /* FirebaseFirestore */; };
		A2FAC9DA2AAF0DB900779CAA /* FirebaseFirestoreCombine-Community in Frameworks */ = {isa = PBXBuildFile; productRef = A2FAC9D92AAF0DB900779CAA /* FirebaseFirestoreCombine-Community */; };
		A2FAC9DC2AAF0DB900779CAA /* FirebaseFirestoreSwift in Frameworks */ = {isa = PBXBuildFile; productRef = A2FAC9DB2AAF0DB900779CAA /* FirebaseFirestoreSwift */; };
		A2FAC9DE2AAF0DB900779CAA /* FirebaseStorage in Frameworks */ = {isa = PBXBuildFile; productRef = A2FAC9DD2AAF0DB900779CAA /* FirebaseStorage */; };
		A2FAC9E02AAF0DB900779CAA /* FirebaseStorageCombine-Community in Frameworks */ = {isa = PBXBuildFile; productRef = A2FAC9DF2AAF0DB900779CAA /* FirebaseStorageCombine-Community */; };
		A2FAC9E52AAF0E1B00779CAA /* UserViewModel.swift in Sources */ = {isa = PBXBuildFile; fileRef = A2FAC9E42AAF0E1B00779CAA /* UserViewModel.swift */; };
		A2FAC9E72AAF0E2300779CAA /* User.swift in Sources */ = {isa = PBXBuildFile; fileRef = A2FAC9E62AAF0E2300779CAA /* User.swift */; };
		A2FAC9EB2AAF0E6000779CAA /* FireBaseDB.swift in Sources */ = {isa = PBXBuildFile; fileRef = A2FAC9EA2AAF0E6000779CAA /* FireBaseDB.swift */; };
		A2FAC9F02AAF0F0700779CAA /* UserSignInView.swift in Sources */ = {isa = PBXBuildFile; fileRef = A2FAC9EF2AAF0F0700779CAA /* UserSignInView.swift */; };
		A2FAC9F22AAF0F6F00779CAA /* FireBaseAuthService.swift in Sources */ = {isa = PBXBuildFile; fileRef = A2FAC9F12AAF0F6F00779CAA /* FireBaseAuthService.swift */; };
		A2FAC9F42AAF0FC200779CAA /* UserAccountSettingView.swift in Sources */ = {isa = PBXBuildFile; fileRef = A2FAC9F32AAF0FC200779CAA /* UserAccountSettingView.swift */; };
		A2FAC9F62AAF16E200779CAA /* UserSignUpView.swift in Sources */ = {isa = PBXBuildFile; fileRef = A2FAC9F52AAF16E200779CAA /* UserSignUpView.swift */; };
		CD24DD1D2AB00821001BF2A6 /* Address.swift in Sources */ = {isa = PBXBuildFile; fileRef = CD24DD1C2AB00821001BF2A6 /* Address.swift */; };
		CD24DD212AB01855001BF2A6 /* ProfileImageView.swift in Sources */ = {isa = PBXBuildFile; fileRef = CD24DD202AB01855001BF2A6 /* ProfileImageView.swift */; };
		CD24DD252AB037A6001BF2A6 /* ImagePicker.swift in Sources */ = {isa = PBXBuildFile; fileRef = CD24DD242AB037A6001BF2A6 /* ImagePicker.swift */; };
		CD24DD272AB047A9001BF2A6 /* ToastView.swift in Sources */ = {isa = PBXBuildFile; fileRef = CD24DD262AB047A9001BF2A6 /* ToastView.swift */; };
		CD24DD292AB04E09001BF2A6 /* ImagePickerView.swift in Sources */ = {isa = PBXBuildFile; fileRef = CD24DD282AB04E09001BF2A6 /* ImagePickerView.swift */; };
		CDB4BDED2AC16471004E54F7 /* UserAboutSettingView.swift in Sources */ = {isa = PBXBuildFile; fileRef = CDB4BDEC2AC16471004E54F7 /* UserAboutSettingView.swift */; };
		CDD2FFF92AB16C140016A86D /* ImageStorage.swift in Sources */ = {isa = PBXBuildFile; fileRef = CDD2FFF82AB16C140016A86D /* ImageStorage.swift */; };
		CDD2FFFB2AB181F50016A86D /* ProfileBackgroundView.swift in Sources */ = {isa = PBXBuildFile; fileRef = CDD2FFFA2AB181F50016A86D /* ProfileBackgroundView.swift */; };
		CDF565EA2AB5A14F008E46FD /* InputCommentView.swift in Sources */ = {isa = PBXBuildFile; fileRef = CDF565E92AB5A14F008E46FD /* InputCommentView.swift */; };
		CDF565EC2AB5A1F6008E46FD /* URLCaller.swift in Sources */ = {isa = PBXBuildFile; fileRef = CDF565EB2AB5A1F6008E46FD /* URLCaller.swift */; };
		DE04C7C92AB34628003B24BE /* CustomGoBackButton.swift in Sources */ = {isa = PBXBuildFile; fileRef = DE04C7C82AB34628003B24BE /* CustomGoBackButton.swift */; };
		DE31D2A12AB96149003EB066 /* Category.swift in Sources */ = {isa = PBXBuildFile; fileRef = DE31D2A02AB96149003EB066 /* Category.swift */; };
		DE31D2A42AB96168003EB066 /* CategoryView.swift in Sources */ = {isa = PBXBuildFile; fileRef = DE31D2A32AB96168003EB066 /* CategoryView.swift */; };
		DE31D2A82AB962E2003EB066 /* CategoryListView.swift in Sources */ = {isa = PBXBuildFile; fileRef = DE31D2A72AB962E2003EB066 /* CategoryListView.swift */; };
		DE31D2AA2AB96391003EB066 /* CategoryCardView.swift in Sources */ = {isa = PBXBuildFile; fileRef = DE31D2A92AB96391003EB066 /* CategoryCardView.swift */; };
		DE3B2FBF2AB2DDCC000F8B93 /* SettingView.swift in Sources */ = {isa = PBXBuildFile; fileRef = DE3B2FBE2AB2DDCC000F8B93 /* SettingView.swift */; };
		DE3B2FC12AB2EDE2000F8B93 /* TestView.swift in Sources */ = {isa = PBXBuildFile; fileRef = DE3B2FC02AB2EDE2000F8B93 /* TestView.swift */; };
		DE3B2FC32AB2F3DE000F8B93 /* NavigationBar.swift in Sources */ = {isa = PBXBuildFile; fileRef = DE3B2FC22AB2F3DE000F8B93 /* NavigationBar.swift */; };
		DE3B2FC52AB2FA95000F8B93 /* HomeView.swift in Sources */ = {isa = PBXBuildFile; fileRef = DE3B2FC42AB2FA95000F8B93 /* HomeView.swift */; };
		DE3B2FC72AB2FB99000F8B93 /* BrowseView.swift in Sources */ = {isa = PBXBuildFile; fileRef = DE3B2FC62AB2FB99000F8B93 /* BrowseView.swift */; };
		DE3B2FCB2AB2FBEA000F8B93 /* WishlistView.swift in Sources */ = {isa = PBXBuildFile; fileRef = DE3B2FCA2AB2FBEA000F8B93 /* WishlistView.swift */; };
		DE3B2FCD2AB2FC12000F8B93 /* NewsFeedView.swift in Sources */ = {isa = PBXBuildFile; fileRef = DE3B2FCC2AB2FC12000F8B93 /* NewsFeedView.swift */; };
		DE3B2FD02AB3253D000F8B93 /* Book.swift in Sources */ = {isa = PBXBuildFile; fileRef = DE3B2FCE2AB3253C000F8B93 /* Book.swift */; };
		DE3B2FD32AB32552000F8B93 /* BookViewModel.swift in Sources */ = {isa = PBXBuildFile; fileRef = DE3B2FD22AB32552000F8B93 /* BookViewModel.swift */; };
		DE45EC442ABD69CD00EA27B9 /* HeaderView.swift in Sources */ = {isa = PBXBuildFile; fileRef = DE45EC432ABD69CD00EA27B9 /* HeaderView.swift */; };
		DE4E3FE02AB333510000EFEB /* BookView.swift in Sources */ = {isa = PBXBuildFile; fileRef = DE4E3FDF2AB333510000EFEB /* BookView.swift */; };
		DE4E3FE32AB333700000EFEB /* BookListView.swift in Sources */ = {isa = PBXBuildFile; fileRef = DE4E3FE22AB333700000EFEB /* BookListView.swift */; };
		DE4E3FE52AB333850000EFEB /* RatingView.swift in Sources */ = {isa = PBXBuildFile; fileRef = DE4E3FE42AB333850000EFEB /* RatingView.swift */; };
		DE4E3FE72AB3338E0000EFEB /* CommentView.swift in Sources */ = {isa = PBXBuildFile; fileRef = DE4E3FE62AB3338E0000EFEB /* CommentView.swift */; };
		DE4E3FE92AB333A50000EFEB /* CommentProfileView.swift in Sources */ = {isa = PBXBuildFile; fileRef = DE4E3FE82AB333A50000EFEB /* CommentProfileView.swift */; };
		DE4E3FF62AB335510000EFEB /* ResetPasswordView.swift in Sources */ = {isa = PBXBuildFile; fileRef = DE4E3FF42AB335510000EFEB /* ResetPasswordView.swift */; };
		DE4E3FF72AB335510000EFEB /* ChangePasswordView.swift in Sources */ = {isa = PBXBuildFile; fileRef = DE4E3FF52AB335510000EFEB /* ChangePasswordView.swift */; };
		DE5C49BB2AB48B81003EFB6E /* Assets.xcassets in Resources */ = {isa = PBXBuildFile; fileRef = DE5C49BA2AB48B81003EFB6E /* Assets.xcassets */; };
		DE5DD4912ABD3AC7008F03C8 /* UserReviewView.swift in Sources */ = {isa = PBXBuildFile; fileRef = DE5DD4902ABD3AC7008F03C8 /* UserReviewView.swift */; };
		DE74AF6B2AB41D97008C0754 /* MainView.swift in Sources */ = {isa = PBXBuildFile; fileRef = DE74AF6A2AB41D97008C0754 /* MainView.swift */; };
		DE74AF6D2AB42741008C0754 /* UserAppearanceSettingView.swift in Sources */ = {isa = PBXBuildFile; fileRef = DE74AF6C2AB42741008C0754 /* UserAppearanceSettingView.swift */; };
		DEFC8B6F2AB462BE00A23D35 /* Review.swift in Sources */ = {isa = PBXBuildFile; fileRef = DEFC8B6E2AB462BE00A23D35 /* Review.swift */; };
		DEFC8B712AB462D100A23D35 /* BookDetailView.swift in Sources */ = {isa = PBXBuildFile; fileRef = DEFC8B702AB462D100A23D35 /* BookDetailView.swift */; };
		DEFC8B732AB4642100A23D35 /* ReviewViewModel.swift in Sources */ = {isa = PBXBuildFile; fileRef = DEFC8B722AB4642100A23D35 /* ReviewViewModel.swift */; };
/* End PBXBuildFile section */

/* Begin PBXFileReference section */
		4487E1A72ABAD63A009386C2 /* SplashScreenView.swift */ = {isa = PBXFileReference; lastKnownFileType = sourcecode.swift; path = SplashScreenView.swift; sourceTree = "<group>"; };
		954557842AAF0C32003F1C7E /* BookDiscovery.app */ = {isa = PBXFileReference; explicitFileType = wrapper.application; includeInIndex = 0; path = BookDiscovery.app; sourceTree = BUILT_PRODUCTS_DIR; };
		954557872AAF0C32003F1C7E /* BookDiscoveryApp.swift */ = {isa = PBXFileReference; lastKnownFileType = sourcecode.swift; path = BookDiscoveryApp.swift; sourceTree = "<group>"; };
		954557892AAF0C32003F1C7E /* ContentView.swift */ = {isa = PBXFileReference; lastKnownFileType = sourcecode.swift; path = ContentView.swift; sourceTree = "<group>"; };
		9545578E2AAF0C34003F1C7E /* Preview Assets.xcassets */ = {isa = PBXFileReference; lastKnownFileType = folder.assetcatalog; path = "Preview Assets.xcassets"; sourceTree = "<group>"; };
		954557972AAF186D003F1C7E /* GoogleService-Info.plist */ = {isa = PBXFileReference; fileEncoding = 4; lastKnownFileType = text.plist.xml; path = "GoogleService-Info.plist"; sourceTree = "<group>"; };
		A2FAC9E42AAF0E1B00779CAA /* UserViewModel.swift */ = {isa = PBXFileReference; fileEncoding = 4; lastKnownFileType = sourcecode.swift; path = UserViewModel.swift; sourceTree = "<group>"; };
		A2FAC9E62AAF0E2300779CAA /* User.swift */ = {isa = PBXFileReference; fileEncoding = 4; lastKnownFileType = sourcecode.swift; path = User.swift; sourceTree = "<group>"; };
		A2FAC9EA2AAF0E6000779CAA /* FireBaseDB.swift */ = {isa = PBXFileReference; fileEncoding = 4; lastKnownFileType = sourcecode.swift; path = FireBaseDB.swift; sourceTree = "<group>"; };
		A2FAC9EF2AAF0F0700779CAA /* UserSignInView.swift */ = {isa = PBXFileReference; lastKnownFileType = sourcecode.swift; path = UserSignInView.swift; sourceTree = "<group>"; };
		A2FAC9F12AAF0F6F00779CAA /* FireBaseAuthService.swift */ = {isa = PBXFileReference; lastKnownFileType = sourcecode.swift; path = FireBaseAuthService.swift; sourceTree = "<group>"; };
		A2FAC9F32AAF0FC200779CAA /* UserAccountSettingView.swift */ = {isa = PBXFileReference; lastKnownFileType = sourcecode.swift; path = UserAccountSettingView.swift; sourceTree = "<group>"; };
		A2FAC9F52AAF16E200779CAA /* UserSignUpView.swift */ = {isa = PBXFileReference; lastKnownFileType = sourcecode.swift; path = UserSignUpView.swift; sourceTree = "<group>"; };
		CD24DD1C2AB00821001BF2A6 /* Address.swift */ = {isa = PBXFileReference; lastKnownFileType = sourcecode.swift; path = Address.swift; sourceTree = "<group>"; };
		CD24DD202AB01855001BF2A6 /* ProfileImageView.swift */ = {isa = PBXFileReference; lastKnownFileType = sourcecode.swift; path = ProfileImageView.swift; sourceTree = "<group>"; };
		CD24DD242AB037A6001BF2A6 /* ImagePicker.swift */ = {isa = PBXFileReference; lastKnownFileType = sourcecode.swift; path = ImagePicker.swift; sourceTree = "<group>"; };
		CD24DD262AB047A9001BF2A6 /* ToastView.swift */ = {isa = PBXFileReference; lastKnownFileType = sourcecode.swift; path = ToastView.swift; sourceTree = "<group>"; };
		CD24DD282AB04E09001BF2A6 /* ImagePickerView.swift */ = {isa = PBXFileReference; lastKnownFileType = sourcecode.swift; path = ImagePickerView.swift; sourceTree = "<group>"; };
		CDB4BDEC2AC16471004E54F7 /* UserAboutSettingView.swift */ = {isa = PBXFileReference; lastKnownFileType = sourcecode.swift; path = UserAboutSettingView.swift; sourceTree = "<group>"; };
		CDD2FFF82AB16C140016A86D /* ImageStorage.swift */ = {isa = PBXFileReference; lastKnownFileType = sourcecode.swift; path = ImageStorage.swift; sourceTree = "<group>"; };
		CDD2FFFA2AB181F50016A86D /* ProfileBackgroundView.swift */ = {isa = PBXFileReference; lastKnownFileType = sourcecode.swift; path = ProfileBackgroundView.swift; sourceTree = "<group>"; };
		CDF565E92AB5A14F008E46FD /* InputCommentView.swift */ = {isa = PBXFileReference; lastKnownFileType = sourcecode.swift; path = InputCommentView.swift; sourceTree = "<group>"; };
		CDF565EB2AB5A1F6008E46FD /* URLCaller.swift */ = {isa = PBXFileReference; lastKnownFileType = sourcecode.swift; path = URLCaller.swift; sourceTree = "<group>"; };
		DE04C7C82AB34628003B24BE /* CustomGoBackButton.swift */ = {isa = PBXFileReference; lastKnownFileType = sourcecode.swift; path = CustomGoBackButton.swift; sourceTree = "<group>"; };
		DE31D2A02AB96149003EB066 /* Category.swift */ = {isa = PBXFileReference; lastKnownFileType = sourcecode.swift; path = Category.swift; sourceTree = "<group>"; };
		DE31D2A32AB96168003EB066 /* CategoryView.swift */ = {isa = PBXFileReference; lastKnownFileType = sourcecode.swift; path = CategoryView.swift; sourceTree = "<group>"; };
		DE31D2A72AB962E2003EB066 /* CategoryListView.swift */ = {isa = PBXFileReference; lastKnownFileType = sourcecode.swift; path = CategoryListView.swift; sourceTree = "<group>"; };
		DE31D2A92AB96391003EB066 /* CategoryCardView.swift */ = {isa = PBXFileReference; lastKnownFileType = sourcecode.swift; path = CategoryCardView.swift; sourceTree = "<group>"; };
		DE3B2FBE2AB2DDCC000F8B93 /* SettingView.swift */ = {isa = PBXFileReference; lastKnownFileType = sourcecode.swift; path = SettingView.swift; sourceTree = "<group>"; };
		DE3B2FC02AB2EDE2000F8B93 /* TestView.swift */ = {isa = PBXFileReference; lastKnownFileType = sourcecode.swift; path = TestView.swift; sourceTree = "<group>"; };
		DE3B2FC22AB2F3DE000F8B93 /* NavigationBar.swift */ = {isa = PBXFileReference; lastKnownFileType = sourcecode.swift; path = NavigationBar.swift; sourceTree = "<group>"; };
		DE3B2FC42AB2FA95000F8B93 /* HomeView.swift */ = {isa = PBXFileReference; lastKnownFileType = sourcecode.swift; path = HomeView.swift; sourceTree = "<group>"; };
		DE3B2FC62AB2FB99000F8B93 /* BrowseView.swift */ = {isa = PBXFileReference; lastKnownFileType = sourcecode.swift; path = BrowseView.swift; sourceTree = "<group>"; };
		DE3B2FCA2AB2FBEA000F8B93 /* WishlistView.swift */ = {isa = PBXFileReference; lastKnownFileType = sourcecode.swift; path = WishlistView.swift; sourceTree = "<group>"; };
		DE3B2FCC2AB2FC12000F8B93 /* NewsFeedView.swift */ = {isa = PBXFileReference; lastKnownFileType = sourcecode.swift; path = NewsFeedView.swift; sourceTree = "<group>"; };
		DE3B2FCE2AB3253C000F8B93 /* Book.swift */ = {isa = PBXFileReference; fileEncoding = 4; lastKnownFileType = sourcecode.swift; path = Book.swift; sourceTree = "<group>"; };
		DE3B2FD22AB32552000F8B93 /* BookViewModel.swift */ = {isa = PBXFileReference; fileEncoding = 4; lastKnownFileType = sourcecode.swift; path = BookViewModel.swift; sourceTree = "<group>"; };
		DE45EC432ABD69CD00EA27B9 /* HeaderView.swift */ = {isa = PBXFileReference; lastKnownFileType = sourcecode.swift; path = HeaderView.swift; sourceTree = "<group>"; };
		DE4E3FDF2AB333510000EFEB /* BookView.swift */ = {isa = PBXFileReference; lastKnownFileType = sourcecode.swift; path = BookView.swift; sourceTree = "<group>"; };
		DE4E3FE22AB333700000EFEB /* BookListView.swift */ = {isa = PBXFileReference; lastKnownFileType = sourcecode.swift; path = BookListView.swift; sourceTree = "<group>"; };
		DE4E3FE42AB333850000EFEB /* RatingView.swift */ = {isa = PBXFileReference; lastKnownFileType = sourcecode.swift; path = RatingView.swift; sourceTree = "<group>"; };
		DE4E3FE62AB3338E0000EFEB /* CommentView.swift */ = {isa = PBXFileReference; lastKnownFileType = sourcecode.swift; path = CommentView.swift; sourceTree = "<group>"; };
		DE4E3FE82AB333A50000EFEB /* CommentProfileView.swift */ = {isa = PBXFileReference; lastKnownFileType = sourcecode.swift; path = CommentProfileView.swift; sourceTree = "<group>"; };
		DE4E3FF42AB335510000EFEB /* ResetPasswordView.swift */ = {isa = PBXFileReference; fileEncoding = 4; lastKnownFileType = sourcecode.swift; path = ResetPasswordView.swift; sourceTree = "<group>"; };
		DE4E3FF52AB335510000EFEB /* ChangePasswordView.swift */ = {isa = PBXFileReference; fileEncoding = 4; lastKnownFileType = sourcecode.swift; path = ChangePasswordView.swift; sourceTree = "<group>"; };
		DE5C49BA2AB48B81003EFB6E /* Assets.xcassets */ = {isa = PBXFileReference; lastKnownFileType = folder.assetcatalog; path = Assets.xcassets; sourceTree = "<group>"; };
		DE5DD4902ABD3AC7008F03C8 /* UserReviewView.swift */ = {isa = PBXFileReference; lastKnownFileType = sourcecode.swift; path = UserReviewView.swift; sourceTree = "<group>"; };
		DE74AF6A2AB41D97008C0754 /* MainView.swift */ = {isa = PBXFileReference; lastKnownFileType = sourcecode.swift; path = MainView.swift; sourceTree = "<group>"; };
		DE74AF6C2AB42741008C0754 /* UserAppearanceSettingView.swift */ = {isa = PBXFileReference; lastKnownFileType = sourcecode.swift; path = UserAppearanceSettingView.swift; sourceTree = "<group>"; };
		DEFC8B6E2AB462BE00A23D35 /* Review.swift */ = {isa = PBXFileReference; lastKnownFileType = sourcecode.swift; path = Review.swift; sourceTree = "<group>"; };
		DEFC8B702AB462D100A23D35 /* BookDetailView.swift */ = {isa = PBXFileReference; lastKnownFileType = sourcecode.swift; path = BookDetailView.swift; sourceTree = "<group>"; };
		DEFC8B722AB4642100A23D35 /* ReviewViewModel.swift */ = {isa = PBXFileReference; lastKnownFileType = sourcecode.swift; path = ReviewViewModel.swift; sourceTree = "<group>"; };
/* End PBXFileReference section */

/* Begin PBXFrameworksBuildPhase section */
		954557812AAF0C32003F1C7E /* Frameworks */ = {
			isa = PBXFrameworksBuildPhase;
			buildActionMask = 2147483647;
			files = (
				A2FAC9D62AAF0DB900779CAA /* FirebaseDatabaseSwift in Frameworks */,
				A2FAC9D42AAF0DB900779CAA /* FirebaseDatabase in Frameworks */,
				A2FAC9D02AAF0DB900779CAA /* FirebaseAuth in Frameworks */,
				A2FAC9DC2AAF0DB900779CAA /* FirebaseFirestoreSwift in Frameworks */,
				A2FAC9DA2AAF0DB900779CAA /* FirebaseFirestoreCombine-Community in Frameworks */,
				A2FAC9DE2AAF0DB900779CAA /* FirebaseStorage in Frameworks */,
				A2FAC9D82AAF0DB900779CAA /* FirebaseFirestore in Frameworks */,
				A2FAC9E02AAF0DB900779CAA /* FirebaseStorageCombine-Community in Frameworks */,
				A2FAC9D22AAF0DB900779CAA /* FirebaseAuthCombine-Community in Frameworks */,
			);
			runOnlyForDeploymentPostprocessing = 0;
		};
/* End PBXFrameworksBuildPhase section */

/* Begin PBXGroup section */
		4498C9812ABC2D15003F4A27 /* News Feed Page */ = {
			isa = PBXGroup;
			children = (
				DE3B2FCC2AB2FC12000F8B93 /* NewsFeedView.swift */,
				DE5DD4902ABD3AC7008F03C8 /* UserReviewView.swift */,
			);
			path = "News Feed Page";
			sourceTree = "<group>";
		};
		9545577B2AAF0C32003F1C7E = {
			isa = PBXGroup;
			children = (
				954557862AAF0C32003F1C7E /* BookDiscovery */,
				954557852AAF0C32003F1C7E /* Products */,
			);
			sourceTree = "<group>";
		};
		954557852AAF0C32003F1C7E /* Products */ = {
			isa = PBXGroup;
			children = (
				954557842AAF0C32003F1C7E /* BookDiscovery.app */,
			);
			name = Products;
			sourceTree = "<group>";
		};
		954557862AAF0C32003F1C7E /* BookDiscovery */ = {
			isa = PBXGroup;
			children = (
				A2FAC9E32AAF0DFC00779CAA /* Model */,
				A2FAC9E22AAF0DE900779CAA /* ViewModel */,
				A2FAC9E12AAF0DE100779CAA /* View */,
				954557872AAF0C32003F1C7E /* BookDiscoveryApp.swift */,
				954557972AAF186D003F1C7E /* GoogleService-Info.plist */,
				DE5C49BA2AB48B81003EFB6E /* Assets.xcassets */,
				9545578D2AAF0C34003F1C7E /* Preview Content */,
			);
			path = BookDiscovery;
			sourceTree = "<group>";
		};
		9545578D2AAF0C34003F1C7E /* Preview Content */ = {
			isa = PBXGroup;
			children = (
				9545578E2AAF0C34003F1C7E /* Preview Assets.xcassets */,
			);
			path = "Preview Content";
			sourceTree = "<group>";
		};
		A2FAC9E12AAF0DE100779CAA /* View */ = {
			isa = PBXGroup;
			children = (
				4487E1A72ABAD63A009386C2 /* SplashScreenView.swift */,
				DE3B2FC02AB2EDE2000F8B93 /* TestView.swift */,
				954557892AAF0C32003F1C7E /* ContentView.swift */,
				DE74AF6A2AB41D97008C0754 /* MainView.swift */,
				DE3B2FC22AB2F3DE000F8B93 /* NavigationBar.swift */,
				DE45EC432ABD69CD00EA27B9 /* HeaderView.swift */,
				4498C9812ABC2D15003F4A27 /* News Feed Page */,
				DE5C49B62AB47E33003EFB6E /* Wishslist Page */,
				DE5C49B42AB47E1C003EFB6E /* Browse Page */,
				DE5C49B32AB47E0B003EFB6E /* Home Page */,
				CDD2FFFD2AB1854B0016A86D /* User */,
				DE4E3FE12AB333590000EFEB /* Rating */,
				CDD2FFFE2AB185710016A86D /* ImagePicker */,
			);
			path = View;
			sourceTree = "<group>";
		};
		A2FAC9E22AAF0DE900779CAA /* ViewModel */ = {
			isa = PBXGroup;
			children = (
				A2FAC9EA2AAF0E6000779CAA /* FireBaseDB.swift */,
				DEFC8B722AB4642100A23D35 /* ReviewViewModel.swift */,
				A2FAC9E42AAF0E1B00779CAA /* UserViewModel.swift */,
				A2FAC9F12AAF0F6F00779CAA /* FireBaseAuthService.swift */,
				CDD2FFF82AB16C140016A86D /* ImageStorage.swift */,
				DE3B2FD22AB32552000F8B93 /* BookViewModel.swift */,
				CDF565EB2AB5A1F6008E46FD /* URLCaller.swift */,
			);
			path = ViewModel;
			sourceTree = "<group>";
		};
		A2FAC9E32AAF0DFC00779CAA /* Model */ = {
			isa = PBXGroup;
			children = (
				A2FAC9E62AAF0E2300779CAA /* User.swift */,
				CD24DD1C2AB00821001BF2A6 /* Address.swift */,
				DE3B2FCE2AB3253C000F8B93 /* Book.swift */,
				DEFC8B6E2AB462BE00A23D35 /* Review.swift */,
				DE31D2A02AB96149003EB066 /* Category.swift */,
			);
			path = Model;
			sourceTree = "<group>";
		};
		CDD2FFFC2AB185370016A86D /* Profile */ = {
			isa = PBXGroup;
			children = (
				CD24DD202AB01855001BF2A6 /* ProfileImageView.swift */,
				CDD2FFFA2AB181F50016A86D /* ProfileBackgroundView.swift */,
			);
			path = Profile;
			sourceTree = "<group>";
		};
		CDD2FFFD2AB1854B0016A86D /* User */ = {
			isa = PBXGroup;
			children = (
				CDD2FFFF2AB185830016A86D /* Toast */,
				CDD2FFFC2AB185370016A86D /* Profile */,
				A2FAC9EF2AAF0F0700779CAA /* UserSignInView.swift */,
				A2FAC9F52AAF16E200779CAA /* UserSignUpView.swift */,
				DE4E3FF52AB335510000EFEB /* ChangePasswordView.swift */,
				DE4E3FF42AB335510000EFEB /* ResetPasswordView.swift */,
				DE04C7C82AB34628003B24BE /* CustomGoBackButton.swift */,
				DE3B2FBE2AB2DDCC000F8B93 /* SettingView.swift */,
				DE74AF6C2AB42741008C0754 /* UserAppearanceSettingView.swift */,
				A2FAC9F32AAF0FC200779CAA /* UserAccountSettingView.swift */,
				CDB4BDEC2AC16471004E54F7 /* UserAboutSettingView.swift */,
				DE4E3FDE2AB333450000EFEB /* Book */,
			);
			path = User;
			sourceTree = "<group>";
		};
		CDD2FFFE2AB185710016A86D /* ImagePicker */ = {
			isa = PBXGroup;
			children = (
				CD24DD242AB037A6001BF2A6 /* ImagePicker.swift */,
				CD24DD282AB04E09001BF2A6 /* ImagePickerView.swift */,
			);
			path = ImagePicker;
			sourceTree = "<group>";
		};
		CDD2FFFF2AB185830016A86D /* Toast */ = {
			isa = PBXGroup;
			children = (
				CD24DD262AB047A9001BF2A6 /* ToastView.swift */,
			);
			path = Toast;
			sourceTree = "<group>";
		};
		DE31D2A22AB96159003EB066 /* Category */ = {
			isa = PBXGroup;
			children = (
				DE31D2A32AB96168003EB066 /* CategoryView.swift */,
				DE31D2A72AB962E2003EB066 /* CategoryListView.swift */,
				DE31D2A92AB96391003EB066 /* CategoryCardView.swift */,
			);
			path = Category;
			sourceTree = "<group>";
		};
		DE4E3FDE2AB333450000EFEB /* Book */ = {
			isa = PBXGroup;
			children = (
				DE4E3FDF2AB333510000EFEB /* BookView.swift */,
				DE4E3FE22AB333700000EFEB /* BookListView.swift */,
				DEFC8B702AB462D100A23D35 /* BookDetailView.swift */,
			);
			path = Book;
			sourceTree = "<group>";
		};
		DE4E3FE12AB333590000EFEB /* Rating */ = {
			isa = PBXGroup;
			children = (
				DE4E3FE42AB333850000EFEB /* RatingView.swift */,
				DE4E3FE62AB3338E0000EFEB /* CommentView.swift */,
				DE4E3FE82AB333A50000EFEB /* CommentProfileView.swift */,
				CDF565E92AB5A14F008E46FD /* InputCommentView.swift */,
			);
			path = Rating;
			sourceTree = "<group>";
		};
		DE5C49B32AB47E0B003EFB6E /* Home Page */ = {
			isa = PBXGroup;
			children = (
				DE3B2FC42AB2FA95000F8B93 /* HomeView.swift */,
			);
			path = "Home Page";
			sourceTree = "<group>";
		};
		DE5C49B42AB47E1C003EFB6E /* Browse Page */ = {
			isa = PBXGroup;
			children = (
				DE3B2FC62AB2FB99000F8B93 /* BrowseView.swift */,
				DE31D2A22AB96159003EB066 /* Category */,
			);
			path = "Browse Page";
			sourceTree = "<group>";
		};
		DE5C49B62AB47E33003EFB6E /* Wishslist Page */ = {
			isa = PBXGroup;
			children = (
				DE3B2FCA2AB2FBEA000F8B93 /* WishlistView.swift */,
			);
			path = "Wishslist Page";
			sourceTree = "<group>";
		};
/* End PBXGroup section */

/* Begin PBXNativeTarget section */
		954557832AAF0C32003F1C7E /* BookDiscovery */ = {
			isa = PBXNativeTarget;
			buildConfigurationList = 954557922AAF0C34003F1C7E /* Build configuration list for PBXNativeTarget "BookDiscovery" */;
			buildPhases = (
				954557802AAF0C32003F1C7E /* Sources */,
				954557812AAF0C32003F1C7E /* Frameworks */,
				954557822AAF0C32003F1C7E /* Resources */,
			);
			buildRules = (
			);
			dependencies = (
			);
			name = BookDiscovery;
			packageProductDependencies = (
				A2FAC9CF2AAF0DB900779CAA /* FirebaseAuth */,
				A2FAC9D12AAF0DB900779CAA /* FirebaseAuthCombine-Community */,
				A2FAC9D32AAF0DB900779CAA /* FirebaseDatabase */,
				A2FAC9D52AAF0DB900779CAA /* FirebaseDatabaseSwift */,
				A2FAC9D72AAF0DB900779CAA /* FirebaseFirestore */,
				A2FAC9D92AAF0DB900779CAA /* FirebaseFirestoreCombine-Community */,
				A2FAC9DB2AAF0DB900779CAA /* FirebaseFirestoreSwift */,
				A2FAC9DD2AAF0DB900779CAA /* FirebaseStorage */,
				A2FAC9DF2AAF0DB900779CAA /* FirebaseStorageCombine-Community */,
			);
			productName = BookDiscovery;
			productReference = 954557842AAF0C32003F1C7E /* BookDiscovery.app */;
			productType = "com.apple.product-type.application";
		};
/* End PBXNativeTarget section */

/* Begin PBXProject section */
		9545577C2AAF0C32003F1C7E /* Project object */ = {
			isa = PBXProject;
			attributes = {
				BuildIndependentTargetsInParallel = 1;
				LastSwiftUpdateCheck = 1430;
				LastUpgradeCheck = 1430;
				TargetAttributes = {
					954557832AAF0C32003F1C7E = {
						CreatedOnToolsVersion = 14.3.1;
					};
				};
			};
			buildConfigurationList = 9545577F2AAF0C32003F1C7E /* Build configuration list for PBXProject "BookDiscovery" */;
			compatibilityVersion = "Xcode 14.0";
			developmentRegion = en;
			hasScannedForEncodings = 0;
			knownRegions = (
				en,
				Base,
			);
			mainGroup = 9545577B2AAF0C32003F1C7E;
			packageReferences = (
				A2FAC9CE2AAF0DB900779CAA /* XCRemoteSwiftPackageReference "firebase-ios-sdk" */,
			);
			productRefGroup = 954557852AAF0C32003F1C7E /* Products */;
			projectDirPath = "";
			projectRoot = "";
			targets = (
				954557832AAF0C32003F1C7E /* BookDiscovery */,
			);
		};
/* End PBXProject section */

/* Begin PBXResourcesBuildPhase section */
		954557822AAF0C32003F1C7E /* Resources */ = {
			isa = PBXResourcesBuildPhase;
			buildActionMask = 2147483647;
			files = (
				9545578F2AAF0C34003F1C7E /* Preview Assets.xcassets in Resources */,
				DE5C49BB2AB48B81003EFB6E /* Assets.xcassets in Resources */,
				954557982AAF186D003F1C7E /* GoogleService-Info.plist in Resources */,
			);
			runOnlyForDeploymentPostprocessing = 0;
		};
/* End PBXResourcesBuildPhase section */

/* Begin PBXSourcesBuildPhase section */
		954557802AAF0C32003F1C7E /* Sources */ = {
			isa = PBXSourcesBuildPhase;
			buildActionMask = 2147483647;
			files = (
				CD24DD272AB047A9001BF2A6 /* ToastView.swift in Sources */,
				DE74AF6B2AB41D97008C0754 /* MainView.swift in Sources */,
				A2FAC9F02AAF0F0700779CAA /* UserSignInView.swift in Sources */,
				A2FAC9F62AAF16E200779CAA /* UserSignUpView.swift in Sources */,
				DE4E3FF72AB335510000EFEB /* ChangePasswordView.swift in Sources */,
				DE4E3FE52AB333850000EFEB /* RatingView.swift in Sources */,
				A2FAC9E72AAF0E2300779CAA /* User.swift in Sources */,
				9545578A2AAF0C32003F1C7E /* ContentView.swift in Sources */,
				CDD2FFFB2AB181F50016A86D /* ProfileBackgroundView.swift in Sources */,
				DE4E3FE72AB3338E0000EFEB /* CommentView.swift in Sources */,
				DE3B2FC12AB2EDE2000F8B93 /* TestView.swift in Sources */,
				DE74AF6D2AB42741008C0754 /* UserAppearanceSettingView.swift in Sources */,
				DE3B2FBF2AB2DDCC000F8B93 /* SettingView.swift in Sources */,
				DE45EC442ABD69CD00EA27B9 /* HeaderView.swift in Sources */,
				CD24DD212AB01855001BF2A6 /* ProfileImageView.swift in Sources */,
				DEFC8B732AB4642100A23D35 /* ReviewViewModel.swift in Sources */,
				A2FAC9E52AAF0E1B00779CAA /* UserViewModel.swift in Sources */,
				4487E1A82ABAD63A009386C2 /* SplashScreenView.swift in Sources */,
				A2FAC9F42AAF0FC200779CAA /* UserAccountSettingView.swift in Sources */,
				DE3B2FCB2AB2FBEA000F8B93 /* WishlistView.swift in Sources */,
				A2FAC9F22AAF0F6F00779CAA /* FireBaseAuthService.swift in Sources */,
				DE3B2FD32AB32552000F8B93 /* BookViewModel.swift in Sources */,
				A2FAC9EB2AAF0E6000779CAA /* FireBaseDB.swift in Sources */,
				DE4E3FF62AB335510000EFEB /* ResetPasswordView.swift in Sources */,
				DE5DD4912ABD3AC7008F03C8 /* UserReviewView.swift in Sources */,
				DE4E3FE92AB333A50000EFEB /* CommentProfileView.swift in Sources */,
				DE3B2FC52AB2FA95000F8B93 /* HomeView.swift in Sources */,
				CD24DD252AB037A6001BF2A6 /* ImagePicker.swift in Sources */,
				CD24DD1D2AB00821001BF2A6 /* Address.swift in Sources */,
				DE31D2A82AB962E2003EB066 /* CategoryListView.swift in Sources */,
				DE31D2AA2AB96391003EB066 /* CategoryCardView.swift in Sources */,
				DE4E3FE02AB333510000EFEB /* BookView.swift in Sources */,
				DE4E3FE32AB333700000EFEB /* BookListView.swift in Sources */,
				DE3B2FD02AB3253D000F8B93 /* Book.swift in Sources */,
				CDF565EA2AB5A14F008E46FD /* InputCommentView.swift in Sources */,
				DE3B2FC72AB2FB99000F8B93 /* BrowseView.swift in Sources */,
				CDB4BDED2AC16471004E54F7 /* UserAboutSettingView.swift in Sources */,
				CDD2FFF92AB16C140016A86D /* ImageStorage.swift in Sources */,
				954557882AAF0C32003F1C7E /* BookDiscoveryApp.swift in Sources */,
				DEFC8B6F2AB462BE00A23D35 /* Review.swift in Sources */,
				CDF565EC2AB5A1F6008E46FD /* URLCaller.swift in Sources */,
				CD24DD292AB04E09001BF2A6 /* ImagePickerView.swift in Sources */,
				DE31D2A42AB96168003EB066 /* CategoryView.swift in Sources */,
				DE3B2FC32AB2F3DE000F8B93 /* NavigationBar.swift in Sources */,
				DE3B2FCD2AB2FC12000F8B93 /* NewsFeedView.swift in Sources */,
				DEFC8B712AB462D100A23D35 /* BookDetailView.swift in Sources */,
				DE04C7C92AB34628003B24BE /* CustomGoBackButton.swift in Sources */,
				DE31D2A12AB96149003EB066 /* Category.swift in Sources */,
			);
			runOnlyForDeploymentPostprocessing = 0;
		};
/* End PBXSourcesBuildPhase section */

/* Begin XCBuildConfiguration section */
		954557902AAF0C34003F1C7E /* Debug */ = {
			isa = XCBuildConfiguration;
			buildSettings = {
				ALWAYS_SEARCH_USER_PATHS = NO;
				CLANG_ANALYZER_NONNULL = YES;
				CLANG_ANALYZER_NUMBER_OBJECT_CONVERSION = YES_AGGRESSIVE;
				CLANG_CXX_LANGUAGE_STANDARD = "gnu++20";
				CLANG_ENABLE_MODULES = YES;
				CLANG_ENABLE_OBJC_ARC = YES;
				CLANG_ENABLE_OBJC_WEAK = YES;
				CLANG_WARN_BLOCK_CAPTURE_AUTORELEASING = YES;
				CLANG_WARN_BOOL_CONVERSION = YES;
				CLANG_WARN_COMMA = YES;
				CLANG_WARN_CONSTANT_CONVERSION = YES;
				CLANG_WARN_DEPRECATED_OBJC_IMPLEMENTATIONS = YES;
				CLANG_WARN_DIRECT_OBJC_ISA_USAGE = YES_ERROR;
				CLANG_WARN_DOCUMENTATION_COMMENTS = YES;
				CLANG_WARN_EMPTY_BODY = YES;
				CLANG_WARN_ENUM_CONVERSION = YES;
				CLANG_WARN_INFINITE_RECURSION = YES;
				CLANG_WARN_INT_CONVERSION = YES;
				CLANG_WARN_NON_LITERAL_NULL_CONVERSION = YES;
				CLANG_WARN_OBJC_IMPLICIT_RETAIN_SELF = YES;
				CLANG_WARN_OBJC_LITERAL_CONVERSION = YES;
				CLANG_WARN_OBJC_ROOT_CLASS = YES_ERROR;
				CLANG_WARN_QUOTED_INCLUDE_IN_FRAMEWORK_HEADER = YES;
				CLANG_WARN_RANGE_LOOP_ANALYSIS = YES;
				CLANG_WARN_STRICT_PROTOTYPES = YES;
				CLANG_WARN_SUSPICIOUS_MOVE = YES;
				CLANG_WARN_UNGUARDED_AVAILABILITY = YES_AGGRESSIVE;
				CLANG_WARN_UNREACHABLE_CODE = YES;
				CLANG_WARN__DUPLICATE_METHOD_MATCH = YES;
				COPY_PHASE_STRIP = NO;
				DEBUG_INFORMATION_FORMAT = dwarf;
				ENABLE_STRICT_OBJC_MSGSEND = YES;
				ENABLE_TESTABILITY = YES;
				GCC_C_LANGUAGE_STANDARD = gnu11;
				GCC_DYNAMIC_NO_PIC = NO;
				GCC_NO_COMMON_BLOCKS = YES;
				GCC_OPTIMIZATION_LEVEL = 0;
				GCC_PREPROCESSOR_DEFINITIONS = (
					"DEBUG=1",
					"$(inherited)",
				);
				GCC_WARN_64_TO_32_BIT_CONVERSION = YES;
				GCC_WARN_ABOUT_RETURN_TYPE = YES_ERROR;
				GCC_WARN_UNDECLARED_SELECTOR = YES;
				GCC_WARN_UNINITIALIZED_AUTOS = YES_AGGRESSIVE;
				GCC_WARN_UNUSED_FUNCTION = YES;
				GCC_WARN_UNUSED_VARIABLE = YES;
				IPHONEOS_DEPLOYMENT_TARGET = 16.4;
				MTL_ENABLE_DEBUG_INFO = INCLUDE_SOURCE;
				MTL_FAST_MATH = YES;
				ONLY_ACTIVE_ARCH = YES;
				SDKROOT = iphoneos;
				SWIFT_ACTIVE_COMPILATION_CONDITIONS = DEBUG;
				SWIFT_OPTIMIZATION_LEVEL = "-Onone";
			};
			name = Debug;
		};
		954557912AAF0C34003F1C7E /* Release */ = {
			isa = XCBuildConfiguration;
			buildSettings = {
				ALWAYS_SEARCH_USER_PATHS = NO;
				CLANG_ANALYZER_NONNULL = YES;
				CLANG_ANALYZER_NUMBER_OBJECT_CONVERSION = YES_AGGRESSIVE;
				CLANG_CXX_LANGUAGE_STANDARD = "gnu++20";
				CLANG_ENABLE_MODULES = YES;
				CLANG_ENABLE_OBJC_ARC = YES;
				CLANG_ENABLE_OBJC_WEAK = YES;
				CLANG_WARN_BLOCK_CAPTURE_AUTORELEASING = YES;
				CLANG_WARN_BOOL_CONVERSION = YES;
				CLANG_WARN_COMMA = YES;
				CLANG_WARN_CONSTANT_CONVERSION = YES;
				CLANG_WARN_DEPRECATED_OBJC_IMPLEMENTATIONS = YES;
				CLANG_WARN_DIRECT_OBJC_ISA_USAGE = YES_ERROR;
				CLANG_WARN_DOCUMENTATION_COMMENTS = YES;
				CLANG_WARN_EMPTY_BODY = YES;
				CLANG_WARN_ENUM_CONVERSION = YES;
				CLANG_WARN_INFINITE_RECURSION = YES;
				CLANG_WARN_INT_CONVERSION = YES;
				CLANG_WARN_NON_LITERAL_NULL_CONVERSION = YES;
				CLANG_WARN_OBJC_IMPLICIT_RETAIN_SELF = YES;
				CLANG_WARN_OBJC_LITERAL_CONVERSION = YES;
				CLANG_WARN_OBJC_ROOT_CLASS = YES_ERROR;
				CLANG_WARN_QUOTED_INCLUDE_IN_FRAMEWORK_HEADER = YES;
				CLANG_WARN_RANGE_LOOP_ANALYSIS = YES;
				CLANG_WARN_STRICT_PROTOTYPES = YES;
				CLANG_WARN_SUSPICIOUS_MOVE = YES;
				CLANG_WARN_UNGUARDED_AVAILABILITY = YES_AGGRESSIVE;
				CLANG_WARN_UNREACHABLE_CODE = YES;
				CLANG_WARN__DUPLICATE_METHOD_MATCH = YES;
				COPY_PHASE_STRIP = NO;
				DEBUG_INFORMATION_FORMAT = "dwarf-with-dsym";
				ENABLE_NS_ASSERTIONS = NO;
				ENABLE_STRICT_OBJC_MSGSEND = YES;
				GCC_C_LANGUAGE_STANDARD = gnu11;
				GCC_NO_COMMON_BLOCKS = YES;
				GCC_WARN_64_TO_32_BIT_CONVERSION = YES;
				GCC_WARN_ABOUT_RETURN_TYPE = YES_ERROR;
				GCC_WARN_UNDECLARED_SELECTOR = YES;
				GCC_WARN_UNINITIALIZED_AUTOS = YES_AGGRESSIVE;
				GCC_WARN_UNUSED_FUNCTION = YES;
				GCC_WARN_UNUSED_VARIABLE = YES;
				IPHONEOS_DEPLOYMENT_TARGET = 16.4;
				MTL_ENABLE_DEBUG_INFO = NO;
				MTL_FAST_MATH = YES;
				SDKROOT = iphoneos;
				SWIFT_COMPILATION_MODE = wholemodule;
				SWIFT_OPTIMIZATION_LEVEL = "-O";
				VALIDATE_PRODUCT = YES;
			};
			name = Release;
		};
		954557932AAF0C34003F1C7E /* Debug */ = {
			isa = XCBuildConfiguration;
			buildSettings = {
				ASSETCATALOG_COMPILER_APPICON_NAME = AppIcon;
				ASSETCATALOG_COMPILER_GLOBAL_ACCENT_COLOR_NAME = AccentColor;
				CODE_SIGN_STYLE = Automatic;
				CURRENT_PROJECT_VERSION = 1;
				DEVELOPMENT_ASSET_PATHS = "\"BookDiscovery/Preview Content\"";
				ENABLE_PREVIEWS = YES;
				GENERATE_INFOPLIST_FILE = YES;
				INFOPLIST_KEY_NSFaceIDUsageDescription = "Use Face ID to sign in to book app";
				INFOPLIST_KEY_UIApplicationSceneManifest_Generation = YES;
				INFOPLIST_KEY_UIApplicationSupportsIndirectInputEvents = YES;
				INFOPLIST_KEY_UILaunchScreen_Generation = YES;
				INFOPLIST_KEY_UISupportedInterfaceOrientations_iPad = "UIInterfaceOrientationPortrait UIInterfaceOrientationPortraitUpsideDown UIInterfaceOrientationLandscapeLeft UIInterfaceOrientationLandscapeRight";
				INFOPLIST_KEY_UISupportedInterfaceOrientations_iPhone = "UIInterfaceOrientationPortrait UIInterfaceOrientationLandscapeLeft UIInterfaceOrientationLandscapeRight";
				LD_RUNPATH_SEARCH_PATHS = (
					"$(inherited)",
					"@executable_path/Frameworks",
				);
				MARKETING_VERSION = 1.0;
				PRODUCT_BUNDLE_IDENTIFIER = vn.edu.rmit.edu.BookDiscovery;
				PRODUCT_NAME = "$(TARGET_NAME)";
				SWIFT_EMIT_LOC_STRINGS = YES;
				SWIFT_VERSION = 5.0;
				TARGETED_DEVICE_FAMILY = "1,2";
			};
			name = Debug;
		};
		954557942AAF0C34003F1C7E /* Release */ = {
			isa = XCBuildConfiguration;
			buildSettings = {
				ASSETCATALOG_COMPILER_APPICON_NAME = AppIcon;
				ASSETCATALOG_COMPILER_GLOBAL_ACCENT_COLOR_NAME = AccentColor;
				CODE_SIGN_STYLE = Automatic;
				CURRENT_PROJECT_VERSION = 1;
				DEVELOPMENT_ASSET_PATHS = "\"BookDiscovery/Preview Content\"";
				ENABLE_PREVIEWS = YES;
				GENERATE_INFOPLIST_FILE = YES;
				INFOPLIST_KEY_NSFaceIDUsageDescription = "Use Face ID to sign in to book app";
				INFOPLIST_KEY_UIApplicationSceneManifest_Generation = YES;
				INFOPLIST_KEY_UIApplicationSupportsIndirectInputEvents = YES;
				INFOPLIST_KEY_UILaunchScreen_Generation = YES;
				INFOPLIST_KEY_UISupportedInterfaceOrientations_iPad = "UIInterfaceOrientationPortrait UIInterfaceOrientationPortraitUpsideDown UIInterfaceOrientationLandscapeLeft UIInterfaceOrientationLandscapeRight";
				INFOPLIST_KEY_UISupportedInterfaceOrientations_iPhone = "UIInterfaceOrientationPortrait UIInterfaceOrientationLandscapeLeft UIInterfaceOrientationLandscapeRight";
				LD_RUNPATH_SEARCH_PATHS = (
					"$(inherited)",
					"@executable_path/Frameworks",
				);
				MARKETING_VERSION = 1.0;
				PRODUCT_BUNDLE_IDENTIFIER = vn.edu.rmit.edu.BookDiscovery;
				PRODUCT_NAME = "$(TARGET_NAME)";
				SWIFT_EMIT_LOC_STRINGS = YES;
				SWIFT_VERSION = 5.0;
				TARGETED_DEVICE_FAMILY = "1,2";
			};
			name = Release;
		};
/* End XCBuildConfiguration section */

/* Begin XCConfigurationList section */
		9545577F2AAF0C32003F1C7E /* Build configuration list for PBXProject "BookDiscovery" */ = {
			isa = XCConfigurationList;
			buildConfigurations = (
				954557902AAF0C34003F1C7E /* Debug */,
				954557912AAF0C34003F1C7E /* Release */,
			);
			defaultConfigurationIsVisible = 0;
			defaultConfigurationName = Release;
		};
		954557922AAF0C34003F1C7E /* Build configuration list for PBXNativeTarget "BookDiscovery" */ = {
			isa = XCConfigurationList;
			buildConfigurations = (
				954557932AAF0C34003F1C7E /* Debug */,
				954557942AAF0C34003F1C7E /* Release */,
			);
			defaultConfigurationIsVisible = 0;
			defaultConfigurationName = Release;
		};
/* End XCConfigurationList section */

/* Begin XCRemoteSwiftPackageReference section */
		A2FAC9CE2AAF0DB900779CAA /* XCRemoteSwiftPackageReference "firebase-ios-sdk" */ = {
			isa = XCRemoteSwiftPackageReference;
			repositoryURL = "https://github.com/firebase/firebase-ios-sdk";
			requirement = {
				kind = upToNextMajorVersion;
				minimumVersion = 10.0.0;
			};
		};
/* End XCRemoteSwiftPackageReference section */

/* Begin XCSwiftPackageProductDependency section */
		A2FAC9CF2AAF0DB900779CAA /* FirebaseAuth */ = {
			isa = XCSwiftPackageProductDependency;
			package = A2FAC9CE2AAF0DB900779CAA /* XCRemoteSwiftPackageReference "firebase-ios-sdk" */;
			productName = FirebaseAuth;
		};
		A2FAC9D12AAF0DB900779CAA /* FirebaseAuthCombine-Community */ = {
			isa = XCSwiftPackageProductDependency;
			package = A2FAC9CE2AAF0DB900779CAA /* XCRemoteSwiftPackageReference "firebase-ios-sdk" */;
			productName = "FirebaseAuthCombine-Community";
		};
		A2FAC9D32AAF0DB900779CAA /* FirebaseDatabase */ = {
			isa = XCSwiftPackageProductDependency;
			package = A2FAC9CE2AAF0DB900779CAA /* XCRemoteSwiftPackageReference "firebase-ios-sdk" */;
			productName = FirebaseDatabase;
		};
		A2FAC9D52AAF0DB900779CAA /* FirebaseDatabaseSwift */ = {
			isa = XCSwiftPackageProductDependency;
			package = A2FAC9CE2AAF0DB900779CAA /* XCRemoteSwiftPackageReference "firebase-ios-sdk" */;
			productName = FirebaseDatabaseSwift;
		};
		A2FAC9D72AAF0DB900779CAA /* FirebaseFirestore */ = {
			isa = XCSwiftPackageProductDependency;
			package = A2FAC9CE2AAF0DB900779CAA /* XCRemoteSwiftPackageReference "firebase-ios-sdk" */;
			productName = FirebaseFirestore;
		};
		A2FAC9D92AAF0DB900779CAA /* FirebaseFirestoreCombine-Community */ = {
			isa = XCSwiftPackageProductDependency;
			package = A2FAC9CE2AAF0DB900779CAA /* XCRemoteSwiftPackageReference "firebase-ios-sdk" */;
			productName = "FirebaseFirestoreCombine-Community";
		};
		A2FAC9DB2AAF0DB900779CAA /* FirebaseFirestoreSwift */ = {
			isa = XCSwiftPackageProductDependency;
			package = A2FAC9CE2AAF0DB900779CAA /* XCRemoteSwiftPackageReference "firebase-ios-sdk" */;
			productName = FirebaseFirestoreSwift;
		};
		A2FAC9DD2AAF0DB900779CAA /* FirebaseStorage */ = {
			isa = XCSwiftPackageProductDependency;
			package = A2FAC9CE2AAF0DB900779CAA /* XCRemoteSwiftPackageReference "firebase-ios-sdk" */;
			productName = FirebaseStorage;
		};
		A2FAC9DF2AAF0DB900779CAA /* FirebaseStorageCombine-Community */ = {
			isa = XCSwiftPackageProductDependency;
			package = A2FAC9CE2AAF0DB900779CAA /* XCRemoteSwiftPackageReference "firebase-ios-sdk" */;
			productName = "FirebaseStorageCombine-Community";
		};
/* End XCSwiftPackageProductDependency section */
	};
	rootObject = 9545577C2AAF0C32003F1C7E /* Project object */;
}
