// !$*UTF8*$!
{
	archiveVersion = 1;
	classes = {
	};
	objectVersion = 56;
	objects = {

/* Begin PBXBuildFile section */
		954557882AAF0C32003F1C7E /* BookDiscoveryApp.swift in Sources */ = {isa = PBXBuildFile; fileRef = 954557872AAF0C32003F1C7E /* BookDiscoveryApp.swift */; };
		9545578A2AAF0C32003F1C7E /* ContentView.swift in Sources */ = {isa = PBXBuildFile; fileRef = 954557892AAF0C32003F1C7E /* ContentView.swift */; };
		9545578C2AAF0C34003F1C7E /* Assets.xcassets in Resources */ = {isa = PBXBuildFile; fileRef = 9545578B2AAF0C34003F1C7E /* Assets.xcassets */; };
		9545578F2AAF0C34003F1C7E /* Preview Assets.xcassets in Resources */ = {isa = PBXBuildFile; fileRef = 9545578E2AAF0C34003F1C7E /* Preview Assets.xcassets */; };
		A2FAC9CD2AAF0D4200779CAA /* GoogleService-Info.plist in Resources */ = {isa = PBXBuildFile; fileRef = A2FAC9CC2AAF0D4200779CAA /* GoogleService-Info.plist */; };
		A2FAC9D02AAF0DB900779CAA /* FirebaseAuth in Frameworks */ = {isa = PBXBuildFile; productRef = A2FAC9CF2AAF0DB900779CAA /* FirebaseAuth */; };
		A2FAC9D22AAF0DB900779CAA /* FirebaseAuthCombine-Community in Frameworks */ = {isa = PBXBuildFile; productRef = A2FAC9D12AAF0DB900779CAA /* FirebaseAuthCombine-Community */; };
		A2FAC9D42AAF0DB900779CAA /* FirebaseDatabase in Frameworks */ = {isa = PBXBuildFile; productRef = A2FAC9D32AAF0DB900779CAA /* FirebaseDatabase */; };
		A2FAC9D62AAF0DB900779CAA /* FirebaseDatabaseSwift in Frameworks */ = {isa = PBXBuildFile; productRef = A2FAC9D52AAF0DB900779CAA /* FirebaseDatabaseSwift */; };
		A2FAC9D82AAF0DB900779CAA /* FirebaseFirestore in Frameworks */ = {isa = PBXBuildFile; productRef = A2FAC9D72AAF0DB900779CAA /* FirebaseFirestore */; };
		A2FAC9DA2AAF0DB900779CAA /* FirebaseFirestoreCombine-Community in Frameworks */ = {isa = PBXBuildFile; productRef = A2FAC9D92AAF0DB900779CAA /* FirebaseFirestoreCombine-Community */; };
		A2FAC9DC2AAF0DB900779CAA /* FirebaseFirestoreSwift in Frameworks */ = {isa = PBXBuildFile; productRef = A2FAC9DB2AAF0DB900779CAA /* FirebaseFirestoreSwift */; };
		A2FAC9DE2AAF0DB900779CAA /* FirebaseStorage in Frameworks */ = {isa = PBXBuildFile; productRef = A2FAC9DD2AAF0DB900779CAA /* FirebaseStorage */; };
		A2FAC9E02AAF0DB900779CAA /* FirebaseStorageCombine-Community in Frameworks */ = {isa = PBXBuildFile; productRef = A2FAC9DF2AAF0DB900779CAA /* FirebaseStorageCombine-Community */; };
		A2FAC9E52AAF0E1B00779CAA /* UserModel.swift in Sources */ = {isa = PBXBuildFile; fileRef = A2FAC9E42AAF0E1B00779CAA /* UserModel.swift */; };
		A2FAC9E72AAF0E2300779CAA /* User.swift in Sources */ = {isa = PBXBuildFile; fileRef = A2FAC9E62AAF0E2300779CAA /* User.swift */; };
		A2FAC9E92AAF0E4300779CAA /* UserContentView.swift in Sources */ = {isa = PBXBuildFile; fileRef = A2FAC9E82AAF0E4300779CAA /* UserContentView.swift */; };
		A2FAC9EB2AAF0E6000779CAA /* FireBaseDB.swift in Sources */ = {isa = PBXBuildFile; fileRef = A2FAC9EA2AAF0E6000779CAA /* FireBaseDB.swift */; };
		A2FAC9EE2AAF0EF200779CAA /* UserSignUpView.swift in Sources */ = {isa = PBXBuildFile; fileRef = A2FAC9ED2AAF0EF200779CAA /* UserSignUpView.swift */; };
		A2FAC9F02AAF0F0700779CAA /* UserSignInView.swift in Sources */ = {isa = PBXBuildFile; fileRef = A2FAC9EF2AAF0F0700779CAA /* UserSignInView.swift */; };
		A2FAC9F22AAF0F6F00779CAA /* FireBaseAuthentication.swift in Sources */ = {isa = PBXBuildFile; fileRef = A2FAC9F12AAF0F6F00779CAA /* FireBaseAuthentication.swift */; };
		A2FAC9F42AAF0FC200779CAA /* UserProfileView.swift in Sources */ = {isa = PBXBuildFile; fileRef = A2FAC9F32AAF0FC200779CAA /* UserProfileView.swift */; };
/* End PBXBuildFile section */

/* Begin PBXFileReference section */
		954557842AAF0C32003F1C7E /* BookDiscovery.app */ = {isa = PBXFileReference; explicitFileType = wrapper.application; includeInIndex = 0; path = BookDiscovery.app; sourceTree = BUILT_PRODUCTS_DIR; };
		954557872AAF0C32003F1C7E /* BookDiscoveryApp.swift */ = {isa = PBXFileReference; lastKnownFileType = sourcecode.swift; path = BookDiscoveryApp.swift; sourceTree = "<group>"; };
		954557892AAF0C32003F1C7E /* ContentView.swift */ = {isa = PBXFileReference; lastKnownFileType = sourcecode.swift; path = ContentView.swift; sourceTree = "<group>"; };
		9545578B2AAF0C34003F1C7E /* Assets.xcassets */ = {isa = PBXFileReference; lastKnownFileType = folder.assetcatalog; path = Assets.xcassets; sourceTree = "<group>"; };
		9545578E2AAF0C34003F1C7E /* Preview Assets.xcassets */ = {isa = PBXFileReference; lastKnownFileType = folder.assetcatalog; path = "Preview Assets.xcassets"; sourceTree = "<group>"; };
		A2FAC9CC2AAF0D4200779CAA /* GoogleService-Info.plist */ = {isa = PBXFileReference; fileEncoding = 4; lastKnownFileType = text.plist.xml; path = "GoogleService-Info.plist"; sourceTree = "<group>"; };
		A2FAC9E42AAF0E1B00779CAA /* UserModel.swift */ = {isa = PBXFileReference; fileEncoding = 4; lastKnownFileType = sourcecode.swift; path = UserModel.swift; sourceTree = "<group>"; };
		A2FAC9E62AAF0E2300779CAA /* User.swift */ = {isa = PBXFileReference; fileEncoding = 4; lastKnownFileType = sourcecode.swift; path = User.swift; sourceTree = "<group>"; };
		A2FAC9E82AAF0E4300779CAA /* UserContentView.swift */ = {isa = PBXFileReference; fileEncoding = 4; lastKnownFileType = sourcecode.swift; path = UserContentView.swift; sourceTree = "<group>"; };
		A2FAC9EA2AAF0E6000779CAA /* FireBaseDB.swift */ = {isa = PBXFileReference; fileEncoding = 4; lastKnownFileType = sourcecode.swift; path = FireBaseDB.swift; sourceTree = "<group>"; };
		A2FAC9ED2AAF0EF200779CAA /* UserSignUpView.swift */ = {isa = PBXFileReference; lastKnownFileType = sourcecode.swift; path = UserSignUpView.swift; sourceTree = "<group>"; };
		A2FAC9EF2AAF0F0700779CAA /* UserSignInView.swift */ = {isa = PBXFileReference; lastKnownFileType = sourcecode.swift; path = UserSignInView.swift; sourceTree = "<group>"; };
		A2FAC9F12AAF0F6F00779CAA /* FireBaseAuthentication.swift */ = {isa = PBXFileReference; lastKnownFileType = sourcecode.swift; path = FireBaseAuthentication.swift; sourceTree = "<group>"; };
		A2FAC9F32AAF0FC200779CAA /* UserProfileView.swift */ = {isa = PBXFileReference; lastKnownFileType = sourcecode.swift; path = UserProfileView.swift; sourceTree = "<group>"; };
/* End PBXFileReference section */

/* Begin PBXFrameworksBuildPhase section */
		954557812AAF0C32003F1C7E /* Frameworks */ = {
			isa = PBXFrameworksBuildPhase;
			buildActionMask = 2147483647;
			files = (
				A2FAC9D62AAF0DB900779CAA /* FirebaseDatabaseSwift in Frameworks */,
				A2FAC9D42AAF0DB900779CAA /* FirebaseDatabase in Frameworks */,
				A2FAC9D02AAF0DB900779CAA /* FirebaseAuth in Frameworks */,
				A2FAC9DC2AAF0DB900779CAA /* FirebaseFirestoreSwift in Frameworks */,
				A2FAC9DA2AAF0DB900779CAA /* FirebaseFirestoreCombine-Community in Frameworks */,
				A2FAC9DE2AAF0DB900779CAA /* FirebaseStorage in Frameworks */,
				A2FAC9D82AAF0DB900779CAA /* FirebaseFirestore in Frameworks */,
				A2FAC9E02AAF0DB900779CAA /* FirebaseStorageCombine-Community in Frameworks */,
				A2FAC9D22AAF0DB900779CAA /* FirebaseAuthCombine-Community in Frameworks */,
			);
			runOnlyForDeploymentPostprocessing = 0;
		};
/* End PBXFrameworksBuildPhase section */

/* Begin PBXGroup section */
		9545577B2AAF0C32003F1C7E = {
			isa = PBXGroup;
			children = (
				954557862AAF0C32003F1C7E /* BookDiscovery */,
				954557852AAF0C32003F1C7E /* Products */,
			);
			sourceTree = "<group>";
		};
		954557852AAF0C32003F1C7E /* Products */ = {
			isa = PBXGroup;
			children = (
				954557842AAF0C32003F1C7E /* BookDiscovery.app */,
			);
			name = Products;
			sourceTree = "<group>";
		};
		954557862AAF0C32003F1C7E /* BookDiscovery */ = {
			isa = PBXGroup;
			children = (
				A2FAC9E32AAF0DFC00779CAA /* Model */,
				A2FAC9E22AAF0DE900779CAA /* ViewModel */,
				A2FAC9E12AAF0DE100779CAA /* View */,
				A2FAC9CC2AAF0D4200779CAA /* GoogleService-Info.plist */,
				954557872AAF0C32003F1C7E /* BookDiscoveryApp.swift */,
				9545578B2AAF0C34003F1C7E /* Assets.xcassets */,
				9545578D2AAF0C34003F1C7E /* Preview Content */,
			);
			path = BookDiscovery;
			sourceTree = "<group>";
		};
		9545578D2AAF0C34003F1C7E /* Preview Content */ = {
			isa = PBXGroup;
			children = (
				9545578E2AAF0C34003F1C7E /* Preview Assets.xcassets */,
			);
			path = "Preview Content";
			sourceTree = "<group>";
		};
		A2FAC9E12AAF0DE100779CAA /* View */ = {
			isa = PBXGroup;
			children = (
				954557892AAF0C32003F1C7E /* ContentView.swift */,
				A2FAC9E82AAF0E4300779CAA /* UserContentView.swift */,
				A2FAC9ED2AAF0EF200779CAA /* UserSignUpView.swift */,
				A2FAC9EF2AAF0F0700779CAA /* UserSignInView.swift */,
				A2FAC9F32AAF0FC200779CAA /* UserProfileView.swift */,
			);
			path = View;
			sourceTree = "<group>";
		};
		A2FAC9E22AAF0DE900779CAA /* ViewModel */ = {
			isa = PBXGroup;
			children = (
				A2FAC9EA2AAF0E6000779CAA /* FireBaseDB.swift */,
				A2FAC9E42AAF0E1B00779CAA /* UserModel.swift */,
				A2FAC9F12AAF0F6F00779CAA /* FireBaseAuthentication.swift */,
			);
			path = ViewModel;
			sourceTree = "<group>";
		};
		A2FAC9E32AAF0DFC00779CAA /* Model */ = {
			isa = PBXGroup;
			children = (
				A2FAC9E62AAF0E2300779CAA /* User.swift */,
			);
			path = Model;
			sourceTree = "<group>";
		};
/* End PBXGroup section */

/* Begin PBXNativeTarget section */
		954557832AAF0C32003F1C7E /* BookDiscovery */ = {
			isa = PBXNativeTarget;
			buildConfigurationList = 954557922AAF0C34003F1C7E /* Build configuration list for PBXNativeTarget "BookDiscovery" */;
			buildPhases = (
				954557802AAF0C32003F1C7E /* Sources */,
				954557812AAF0C32003F1C7E /* Frameworks */,
				954557822AAF0C32003F1C7E /* Resources */,
			);
			buildRules = (
			);
			dependencies = (
			);
			name = BookDiscovery;
			packageProductDependencies = (
				A2FAC9CF2AAF0DB900779CAA /* FirebaseAuth */,
				A2FAC9D12AAF0DB900779CAA /* FirebaseAuthCombine-Community */,
				A2FAC9D32AAF0DB900779CAA /* FirebaseDatabase */,
				A2FAC9D52AAF0DB900779CAA /* FirebaseDatabaseSwift */,
				A2FAC9D72AAF0DB900779CAA /* FirebaseFirestore */,
				A2FAC9D92AAF0DB900779CAA /* FirebaseFirestoreCombine-Community */,
				A2FAC9DB2AAF0DB900779CAA /* FirebaseFirestoreSwift */,
				A2FAC9DD2AAF0DB900779CAA /* FirebaseStorage */,
				A2FAC9DF2AAF0DB900779CAA /* FirebaseStorageCombine-Community */,
			);
			productName = BookDiscovery;
			productReference = 954557842AAF0C32003F1C7E /* BookDiscovery.app */;
			productType = "com.apple.product-type.application";
		};
/* End PBXNativeTarget section */

/* Begin PBXProject section */
		9545577C2AAF0C32003F1C7E /* Project object */ = {
			isa = PBXProject;
			attributes = {
				BuildIndependentTargetsInParallel = 1;
				LastSwiftUpdateCheck = 1430;
				LastUpgradeCheck = 1430;
				TargetAttributes = {
					954557832AAF0C32003F1C7E = {
						CreatedOnToolsVersion = 14.3.1;
					};
				};
			};
			buildConfigurationList = 9545577F2AAF0C32003F1C7E /* Build configuration list for PBXProject "BookDiscovery" */;
			compatibilityVersion = "Xcode 14.0";
			developmentRegion = en;
			hasScannedForEncodings = 0;
			knownRegions = (
				en,
				Base,
			);
			mainGroup = 9545577B2AAF0C32003F1C7E;
			packageReferences = (
				A2FAC9CE2AAF0DB900779CAA /* XCRemoteSwiftPackageReference "firebase-ios-sdk" */,
			);
			productRefGroup = 954557852AAF0C32003F1C7E /* Products */;
			projectDirPath = "";
			projectRoot = "";
			targets = (
				954557832AAF0C32003F1C7E /* BookDiscovery */,
			);
		};
/* End PBXProject section */

/* Begin PBXResourcesBuildPhase section */
		954557822AAF0C32003F1C7E /* Resources */ = {
			isa = PBXResourcesBuildPhase;
			buildActionMask = 2147483647;
			files = (
				9545578F2AAF0C34003F1C7E /* Preview Assets.xcassets in Resources */,
				9545578C2AAF0C34003F1C7E /* Assets.xcassets in Resources */,
				A2FAC9CD2AAF0D4200779CAA /* GoogleService-Info.plist in Resources */,
			);
			runOnlyForDeploymentPostprocessing = 0;
		};
/* End PBXResourcesBuildPhase section */

/* Begin PBXSourcesBuildPhase section */
		954557802AAF0C32003F1C7E /* Sources */ = {
			isa = PBXSourcesBuildPhase;
			buildActionMask = 2147483647;
			files = (
				A2FAC9E92AAF0E4300779CAA /* UserContentView.swift in Sources */,
				A2FAC9F02AAF0F0700779CAA /* UserSignInView.swift in Sources */,
				A2FAC9E72AAF0E2300779CAA /* User.swift in Sources */,
				9545578A2AAF0C32003F1C7E /* ContentView.swift in Sources */,
				A2FAC9E52AAF0E1B00779CAA /* UserModel.swift in Sources */,
				A2FAC9F42AAF0FC200779CAA /* UserProfileView.swift in Sources */,
				A2FAC9F22AAF0F6F00779CAA /* FireBaseAuthentication.swift in Sources */,
				A2FAC9EB2AAF0E6000779CAA /* FireBaseDB.swift in Sources */,
				954557882AAF0C32003F1C7E /* BookDiscoveryApp.swift in Sources */,
				A2FAC9EE2AAF0EF200779CAA /* UserSignUpView.swift in Sources */,
			);
			runOnlyForDeploymentPostprocessing = 0;
		};
/* End PBXSourcesBuildPhase section */

/* Begin XCBuildConfiguration section */
		954557902AAF0C34003F1C7E /* Debug */ = {
			isa = XCBuildConfiguration;
			buildSettings = {
				ALWAYS_SEARCH_USER_PATHS = NO;
				CLANG_ANALYZER_NONNULL = YES;
				CLANG_ANALYZER_NUMBER_OBJECT_CONVERSION = YES_AGGRESSIVE;
				CLANG_CXX_LANGUAGE_STANDARD = "gnu++20";
				CLANG_ENABLE_MODULES = YES;
				CLANG_ENABLE_OBJC_ARC = YES;
				CLANG_ENABLE_OBJC_WEAK = YES;
				CLANG_WARN_BLOCK_CAPTURE_AUTORELEASING = YES;
				CLANG_WARN_BOOL_CONVERSION = YES;
				CLANG_WARN_COMMA = YES;
				CLANG_WARN_CONSTANT_CONVERSION = YES;
				CLANG_WARN_DEPRECATED_OBJC_IMPLEMENTATIONS = YES;
				CLANG_WARN_DIRECT_OBJC_ISA_USAGE = YES_ERROR;
				CLANG_WARN_DOCUMENTATION_COMMENTS = YES;
				CLANG_WARN_EMPTY_BODY = YES;
				CLANG_WARN_ENUM_CONVERSION = YES;
				CLANG_WARN_INFINITE_RECURSION = YES;
				CLANG_WARN_INT_CONVERSION = YES;
				CLANG_WARN_NON_LITERAL_NULL_CONVERSION = YES;
				CLANG_WARN_OBJC_IMPLICIT_RETAIN_SELF = YES;
				CLANG_WARN_OBJC_LITERAL_CONVERSION = YES;
				CLANG_WARN_OBJC_ROOT_CLASS = YES_ERROR;
				CLANG_WARN_QUOTED_INCLUDE_IN_FRAMEWORK_HEADER = YES;
				CLANG_WARN_RANGE_LOOP_ANALYSIS = YES;
				CLANG_WARN_STRICT_PROTOTYPES = YES;
				CLANG_WARN_SUSPICIOUS_MOVE = YES;
				CLANG_WARN_UNGUARDED_AVAILABILITY = YES_AGGRESSIVE;
				CLANG_WARN_UNREACHABLE_CODE = YES;
				CLANG_WARN__DUPLICATE_METHOD_MATCH = YES;
				COPY_PHASE_STRIP = NO;
				DEBUG_INFORMATION_FORMAT = dwarf;
				ENABLE_STRICT_OBJC_MSGSEND = YES;
				ENABLE_TESTABILITY = YES;
				GCC_C_LANGUAGE_STANDARD = gnu11;
				GCC_DYNAMIC_NO_PIC = NO;
				GCC_NO_COMMON_BLOCKS = YES;
				GCC_OPTIMIZATION_LEVEL = 0;
				GCC_PREPROCESSOR_DEFINITIONS = (
					"DEBUG=1",
					"$(inherited)",
				);
				GCC_WARN_64_TO_32_BIT_CONVERSION = YES;
				GCC_WARN_ABOUT_RETURN_TYPE = YES_ERROR;
				GCC_WARN_UNDECLARED_SELECTOR = YES;
				GCC_WARN_UNINITIALIZED_AUTOS = YES_AGGRESSIVE;
				GCC_WARN_UNUSED_FUNCTION = YES;
				GCC_WARN_UNUSED_VARIABLE = YES;
				IPHONEOS_DEPLOYMENT_TARGET = 16.4;
				MTL_ENABLE_DEBUG_INFO = INCLUDE_SOURCE;
				MTL_FAST_MATH = YES;
				ONLY_ACTIVE_ARCH = YES;
				SDKROOT = iphoneos;
				SWIFT_ACTIVE_COMPILATION_CONDITIONS = DEBUG;
				SWIFT_OPTIMIZATION_LEVEL = "-Onone";
			};
			name = Debug;
		};
		954557912AAF0C34003F1C7E /* Release */ = {
			isa = XCBuildConfiguration;
			buildSettings = {
				ALWAYS_SEARCH_USER_PATHS = NO;
				CLANG_ANALYZER_NONNULL = YES;
				CLANG_ANALYZER_NUMBER_OBJECT_CONVERSION = YES_AGGRESSIVE;
				CLANG_CXX_LANGUAGE_STANDARD = "gnu++20";
				CLANG_ENABLE_MODULES = YES;
				CLANG_ENABLE_OBJC_ARC = YES;
				CLANG_ENABLE_OBJC_WEAK = YES;
				CLANG_WARN_BLOCK_CAPTURE_AUTORELEASING = YES;
				CLANG_WARN_BOOL_CONVERSION = YES;
				CLANG_WARN_COMMA = YES;
				CLANG_WARN_CONSTANT_CONVERSION = YES;
				CLANG_WARN_DEPRECATED_OBJC_IMPLEMENTATIONS = YES;
				CLANG_WARN_DIRECT_OBJC_ISA_USAGE = YES_ERROR;
				CLANG_WARN_DOCUMENTATION_COMMENTS = YES;
				CLANG_WARN_EMPTY_BODY = YES;
				CLANG_WARN_ENUM_CONVERSION = YES;
				CLANG_WARN_INFINITE_RECURSION = YES;
				CLANG_WARN_INT_CONVERSION = YES;
				CLANG_WARN_NON_LITERAL_NULL_CONVERSION = YES;
				CLANG_WARN_OBJC_IMPLICIT_RETAIN_SELF = YES;
				CLANG_WARN_OBJC_LITERAL_CONVERSION = YES;
				CLANG_WARN_OBJC_ROOT_CLASS = YES_ERROR;
				CLANG_WARN_QUOTED_INCLUDE_IN_FRAMEWORK_HEADER = YES;
				CLANG_WARN_RANGE_LOOP_ANALYSIS = YES;
				CLANG_WARN_STRICT_PROTOTYPES = YES;
				CLANG_WARN_SUSPICIOUS_MOVE = YES;
				CLANG_WARN_UNGUARDED_AVAILABILITY = YES_AGGRESSIVE;
				CLANG_WARN_UNREACHABLE_CODE = YES;
				CLANG_WARN__DUPLICATE_METHOD_MATCH = YES;
				COPY_PHASE_STRIP = NO;
				DEBUG_INFORMATION_FORMAT = "dwarf-with-dsym";
				ENABLE_NS_ASSERTIONS = NO;
				ENABLE_STRICT_OBJC_MSGSEND = YES;
				GCC_C_LANGUAGE_STANDARD = gnu11;
				GCC_NO_COMMON_BLOCKS = YES;
				GCC_WARN_64_TO_32_BIT_CONVERSION = YES;
				GCC_WARN_ABOUT_RETURN_TYPE = YES_ERROR;
				GCC_WARN_UNDECLARED_SELECTOR = YES;
				GCC_WARN_UNINITIALIZED_AUTOS = YES_AGGRESSIVE;
				GCC_WARN_UNUSED_FUNCTION = YES;
				GCC_WARN_UNUSED_VARIABLE = YES;
				IPHONEOS_DEPLOYMENT_TARGET = 16.4;
				MTL_ENABLE_DEBUG_INFO = NO;
				MTL_FAST_MATH = YES;
				SDKROOT = iphoneos;
				SWIFT_COMPILATION_MODE = wholemodule;
				SWIFT_OPTIMIZATION_LEVEL = "-O";
				VALIDATE_PRODUCT = YES;
			};
			name = Release;
		};
		954557932AAF0C34003F1C7E /* Debug */ = {
			isa = XCBuildConfiguration;
			buildSettings = {
				ASSETCATALOG_COMPILER_APPICON_NAME = AppIcon;
				ASSETCATALOG_COMPILER_GLOBAL_ACCENT_COLOR_NAME = AccentColor;
				CODE_SIGN_STYLE = Automatic;
				CURRENT_PROJECT_VERSION = 1;
				DEVELOPMENT_ASSET_PATHS = "\"BookDiscovery/Preview Content\"";
				ENABLE_PREVIEWS = YES;
				GENERATE_INFOPLIST_FILE = YES;
				INFOPLIST_KEY_UIApplicationSceneManifest_Generation = YES;
				INFOPLIST_KEY_UIApplicationSupportsIndirectInputEvents = YES;
				INFOPLIST_KEY_UILaunchScreen_Generation = YES;
				INFOPLIST_KEY_UISupportedInterfaceOrientations_iPad = "UIInterfaceOrientationPortrait UIInterfaceOrientationPortraitUpsideDown UIInterfaceOrientationLandscapeLeft UIInterfaceOrientationLandscapeRight";
				INFOPLIST_KEY_UISupportedInterfaceOrientations_iPhone = "UIInterfaceOrientationPortrait UIInterfaceOrientationLandscapeLeft UIInterfaceOrientationLandscapeRight";
				LD_RUNPATH_SEARCH_PATHS = (
					"$(inherited)",
					"@executable_path/Frameworks",
				);
				MARKETING_VERSION = 1.0;
				PRODUCT_BUNDLE_IDENTIFIER = vn.edu.rmit.edu.BookDiscovery;
				PRODUCT_NAME = "$(TARGET_NAME)";
				SWIFT_EMIT_LOC_STRINGS = YES;
				SWIFT_VERSION = 5.0;
				TARGETED_DEVICE_FAMILY = "1,2";
			};
			name = Debug;
		};
		954557942AAF0C34003F1C7E /* Release */ = {
			isa = XCBuildConfiguration;
			buildSettings = {
				ASSETCATALOG_COMPILER_APPICON_NAME = AppIcon;
				ASSETCATALOG_COMPILER_GLOBAL_ACCENT_COLOR_NAME = AccentColor;
				CODE_SIGN_STYLE = Automatic;
				CURRENT_PROJECT_VERSION = 1;
				DEVELOPMENT_ASSET_PATHS = "\"BookDiscovery/Preview Content\"";
				ENABLE_PREVIEWS = YES;
				GENERATE_INFOPLIST_FILE = YES;
				INFOPLIST_KEY_UIApplicationSceneManifest_Generation = YES;
				INFOPLIST_KEY_UIApplicationSupportsIndirectInputEvents = YES;
				INFOPLIST_KEY_UILaunchScreen_Generation = YES;
				INFOPLIST_KEY_UISupportedInterfaceOrientations_iPad = "UIInterfaceOrientationPortrait UIInterfaceOrientationPortraitUpsideDown UIInterfaceOrientationLandscapeLeft UIInterfaceOrientationLandscapeRight";
				INFOPLIST_KEY_UISupportedInterfaceOrientations_iPhone = "UIInterfaceOrientationPortrait UIInterfaceOrientationLandscapeLeft UIInterfaceOrientationLandscapeRight";
				LD_RUNPATH_SEARCH_PATHS = (
					"$(inherited)",
					"@executable_path/Frameworks",
				);
				MARKETING_VERSION = 1.0;
				PRODUCT_BUNDLE_IDENTIFIER = vn.edu.rmit.edu.BookDiscovery;
				PRODUCT_NAME = "$(TARGET_NAME)";
				SWIFT_EMIT_LOC_STRINGS = YES;
				SWIFT_VERSION = 5.0;
				TARGETED_DEVICE_FAMILY = "1,2";
			};
			name = Release;
		};
/* End XCBuildConfiguration section */

/* Begin XCConfigurationList section */
		9545577F2AAF0C32003F1C7E /* Build configuration list for PBXProject "BookDiscovery" */ = {
			isa = XCConfigurationList;
			buildConfigurations = (
				954557902AAF0C34003F1C7E /* Debug */,
				954557912AAF0C34003F1C7E /* Release */,
			);
			defaultConfigurationIsVisible = 0;
			defaultConfigurationName = Release;
		};
		954557922AAF0C34003F1C7E /* Build configuration list for PBXNativeTarget "BookDiscovery" */ = {
			isa = XCConfigurationList;
			buildConfigurations = (
				954557932AAF0C34003F1C7E /* Debug */,
				954557942AAF0C34003F1C7E /* Release */,
			);
			defaultConfigurationIsVisible = 0;
			defaultConfigurationName = Release;
		};
/* End XCConfigurationList section */

/* Begin XCRemoteSwiftPackageReference section */
		A2FAC9CE2AAF0DB900779CAA /* XCRemoteSwiftPackageReference "firebase-ios-sdk" */ = {
			isa = XCRemoteSwiftPackageReference;
			repositoryURL = "https://github.com/firebase/firebase-ios-sdk";
			requirement = {
				kind = upToNextMajorVersion;
				minimumVersion = 10.0.0;
			};
		};
/* End XCRemoteSwiftPackageReference section */

/* Begin XCSwiftPackageProductDependency section */
		A2FAC9CF2AAF0DB900779CAA /* FirebaseAuth */ = {
			isa = XCSwiftPackageProductDependency;
			package = A2FAC9CE2AAF0DB900779CAA /* XCRemoteSwiftPackageReference "firebase-ios-sdk" */;
			productName = FirebaseAuth;
		};
		A2FAC9D12AAF0DB900779CAA /* FirebaseAuthCombine-Community */ = {
			isa = XCSwiftPackageProductDependency;
			package = A2FAC9CE2AAF0DB900779CAA /* XCRemoteSwiftPackageReference "firebase-ios-sdk" */;
			productName = "FirebaseAuthCombine-Community";
		};
		A2FAC9D32AAF0DB900779CAA /* FirebaseDatabase */ = {
			isa = XCSwiftPackageProductDependency;
			package = A2FAC9CE2AAF0DB900779CAA /* XCRemoteSwiftPackageReference "firebase-ios-sdk" */;
			productName = FirebaseDatabase;
		};
		A2FAC9D52AAF0DB900779CAA /* FirebaseDatabaseSwift */ = {
			isa = XCSwiftPackageProductDependency;
			package = A2FAC9CE2AAF0DB900779CAA /* XCRemoteSwiftPackageReference "firebase-ios-sdk" */;
			productName = FirebaseDatabaseSwift;
		};
		A2FAC9D72AAF0DB900779CAA /* FirebaseFirestore */ = {
			isa = XCSwiftPackageProductDependency;
			package = A2FAC9CE2AAF0DB900779CAA /* XCRemoteSwiftPackageReference "firebase-ios-sdk" */;
			productName = FirebaseFirestore;
		};
		A2FAC9D92AAF0DB900779CAA /* FirebaseFirestoreCombine-Community */ = {
			isa = XCSwiftPackageProductDependency;
			package = A2FAC9CE2AAF0DB900779CAA /* XCRemoteSwiftPackageReference "firebase-ios-sdk" */;
			productName = "FirebaseFirestoreCombine-Community";
		};
		A2FAC9DB2AAF0DB900779CAA /* FirebaseFirestoreSwift */ = {
			isa = XCSwiftPackageProductDependency;
			package = A2FAC9CE2AAF0DB900779CAA /* XCRemoteSwiftPackageReference "firebase-ios-sdk" */;
			productName = FirebaseFirestoreSwift;
		};
		A2FAC9DD2AAF0DB900779CAA /* FirebaseStorage */ = {
			isa = XCSwiftPackageProductDependency;
			package = A2FAC9CE2AAF0DB900779CAA /* XCRemoteSwiftPackageReference "firebase-ios-sdk" */;
			productName = FirebaseStorage;
		};
		A2FAC9DF2AAF0DB900779CAA /* FirebaseStorageCombine-Community */ = {
			isa = XCSwiftPackageProductDependency;
			package = A2FAC9CE2AAF0DB900779CAA /* XCRemoteSwiftPackageReference "firebase-ios-sdk" */;
			productName = "FirebaseStorageCombine-Community";
		};
/* End XCSwiftPackageProductDependency section */
	};
	rootObject = 9545577C2AAF0C32003F1C7E /* Project object */;
}
